
Microsoft Visual Studio Solution File, Format Version 12.00
# Visual Studio 15
VisualStudioVersion = 15.0.28307.168
MinimumVisualStudioVersion = 10.0.40219.1
Project("{FAE04EC0-301F-11D3-BF4B-00C04F79EFBC}") = "GUI", "GUI\GUI.csproj", "{325C5CFD-2F0E-46FA-AAA9-0B7287F350E0}"
EndProject
Project("{FAE04EC0-301F-11D3-BF4B-00C04F79EFBC}") = "Data", "Data\Data.csproj", "{3194D81C-5B32-4BFA-A5E2-9A99DB0399B7}"
EndProject
Project("{FAE04EC0-301F-11D3-BF4B-00C04F79EFBC}") = "Service", "Service\Service.csproj", "{F1161F3A-8CB5-4FC7-8CC5-4118D48F612E}"
	ProjectSection(ProjectDependencies) = postProject
		{3194D81C-5B32-4BFA-A5E2-9A99DB0399B7} = {3194D81C-5B32-4BFA-A5E2-9A99DB0399B7}
	EndProjectSection
EndProject
Global
	GlobalSection(SolutionConfigurationPlatforms) = preSolution
		Debug|Any CPU = Debug|Any CPU
		Release|Any CPU = Release|Any CPU
	EndGlobalSection
	GlobalSection(ProjectConfigurationPlatforms) = postSolution
		{325C5CFD-2F0E-46FA-AAA9-0B7287F350E0}.Debug|Any CPU.ActiveCfg = Debug|Any CPU
		{325C5CFD-2F0E-46FA-AAA9-0B7287F350E0}.Debug|Any CPU.Build.0 = Debug|Any CPU
		{325C5CFD-2F0E-46FA-AAA9-0B7287F350E0}.Release|Any CPU.ActiveCfg = Release|Any CPU
		{325C5CFD-2F0E-46FA-AAA9-0B7287F350E0}.Release|Any CPU.Build.0 = Release|Any CPU
		{3194D81C-5B32-4BFA-A5E2-9A99DB0399B7}.Debug|Any CPU.ActiveCfg = Debug|Any CPU
		{3194D81C-5B32-4BFA-A5E2-9A99DB0399B7}.Debug|Any CPU.Build.0 = Debug|Any CPU
		{3194D81C-5B32-4BFA-A5E2-9A99DB0399B7}.Release|Any CPU.ActiveCfg = Release|Any CPU
		{3194D81C-5B32-4BFA-A5E2-9A99DB0399B7}.Release|Any CPU.Build.0 = Release|Any CPU
		{F1161F3A-8CB5-4FC7-8CC5-4118D48F612E}.Debug|Any CPU.ActiveCfg = Debug|Any CPU
		{F1161F3A-8CB5-4FC7-8CC5-4118D48F612E}.Debug|Any CPU.Build.0 = Debug|Any CPU
		{F1161F3A-8CB5-4FC7-8CC5-4118D48F612E}.Release|Any CPU.ActiveCfg = Release|Any CPU
		{F1161F3A-8CB5-4FC7-8CC5-4118D48F612E}.Release|Any CPU.Build.0 = Release|Any CPU
	EndGlobalSection
	GlobalSection(SolutionProperties) = preSolution
		HideSolutionNode = FALSE
	EndGlobalSection
	GlobalSection(ExtensibilityGlobals) = postSolution
		SolutionGuid = {B2B498DE-D16E-4206-BAA1-84E289CCFCA2}
	EndGlobalSection
EndGlobal
